
Microsoft Visual Studio Solution File, Format Version 12.00
# Visual Studio Version 17
VisualStudioVersion = 17.3.32901.215
MinimumVisualStudioVersion = 10.0.40219.1
Project("{9A19103F-16F7-4668-BE54-9A1E7A4F7556}") = "KqlExtraction", "KqlExtraction.csproj", "{46EB7D0B-BD7E-42D3-B638-5A40B287DF26}"
EndProject
Global
	GlobalSection(SolutionConfigurationPlatforms) = preSolution
		Debug|Any CPU = Debug|Any CPU
		Release|Any CPU = Release|Any CPU
	EndGlobalSection
	GlobalSection(ProjectConfigurationPlatforms) = postSolution
		{46EB7D0B-BD7E-42D3-B638-5A40B287DF26}.Debug|Any CPU.ActiveCfg = Debug|Any CPU
		{46EB7D0B-BD7E-42D3-B638-5A40B287DF26}.Debug|Any CPU.Build.0 = Debug|Any CPU
		{46EB7D0B-BD7E-42D3-B638-5A40B287DF26}.Release|Any CPU.ActiveCfg = Release|Any CPU
		{46EB7D0B-BD7E-42D3-B638-5A40B287DF26}.Release|Any CPU.Build.0 = Release|Any CPU
	EndGlobalSection
	GlobalSection(SolutionProperties) = preSolution
		HideSolutionNode = FALSE
	EndGlobalSection
	GlobalSection(ExtensibilityGlobals) = postSolution
		SolutionGuid = {CA95F2D7-E70E-4BD8-8E41-743E27B063FC}
	EndGlobalSection
EndGlobal
